
Microsoft Visual Studio Solution File, Format Version 12.00
# Visual Studio Version 16
VisualStudioVersion = 16.0.29709.97
MinimumVisualStudioVersion = 10.0.40219.1
Project("{8BC9CEB8-8B4A-11D0-8D11-00A0C91BC942}") = "+Coding1", "+Coding1.vcxproj", "{029D10EE-03C2-4D9A-8F08-CFFF6C0E4415}"
EndProject
Global
	GlobalSection(SolutionConfigurationPlatforms) = preSolution
		Debug|x64 = Debug|x64
		Debug|x86 = Debug|x86
		Release|x64 = Release|x64
		Release|x86 = Release|x86
	EndGlobalSection
	GlobalSection(ProjectConfigurationPlatforms) = postSolution
		{029D10EE-03C2-4D9A-8F08-CFFF6C0E4415}.Debug|x64.ActiveCfg = Debug|x64
		{029D10EE-03C2-4D9A-8F08-CFFF6C0E4415}.Debug|x64.Build.0 = Debug|x64
		{029D10EE-03C2-4D9A-8F08-CFFF6C0E4415}.Debug|x86.ActiveCfg = Debug|Win32
		{029D10EE-03C2-4D9A-8F08-CFFF6C0E4415}.Debug|x86.Build.0 = Debug|Win32
		{029D10EE-03C2-4D9A-8F08-CFFF6C0E4415}.Release|x64.ActiveCfg = Release|x64
		{029D10EE-03C2-4D9A-8F08-CFFF6C0E4415}.Release|x64.Build.0 = Release|x64
		{029D10EE-03C2-4D9A-8F08-CFFF6C0E4415}.Release|x86.ActiveCfg = Release|Win32
		{029D10EE-03C2-4D9A-8F08-CFFF6C0E4415}.Release|x86.Build.0 = Release|Win32
	EndGlobalSection
	GlobalSection(SolutionProperties) = preSolution
		HideSolutionNode = FALSE
	EndGlobalSection
	GlobalSection(ExtensibilityGlobals) = postSolution
		SolutionGuid = {1007679F-6D1F-4C6D-A79F-D7250FE15987}
	EndGlobalSection
EndGlobal
